
Microsoft Visual Studio Solution File, Format Version 12.00
# Visual Studio Version 17
VisualStudioVersion = 17.6.33723.286
MinimumVisualStudioVersion = 10.0.40219.1
Project("{FAE04EC0-301F-11D3-BF4B-00C04F79EFBC}") = "API", "API\API.csproj", "{86E98C4C-2DDB-451D-9197-F127091C8201}"
EndProject
Global
	GlobalSection(SolutionConfigurationPlatforms) = preSolution
		Debug|Any CPU = Debug|Any CPU
		Release|Any CPU = Release|Any CPU
	EndGlobalSection
	GlobalSection(ProjectConfigurationPlatforms) = postSolution
		{86E98C4C-2DDB-451D-9197-F127091C8201}.Debug|Any CPU.ActiveCfg = Debug|Any CPU
		{86E98C4C-2DDB-451D-9197-F127091C8201}.Debug|Any CPU.Build.0 = Debug|Any CPU
		{86E98C4C-2DDB-451D-9197-F127091C8201}.Release|Any CPU.ActiveCfg = Release|Any CPU
		{86E98C4C-2DDB-451D-9197-F127091C8201}.Release|Any CPU.Build.0 = Release|Any CPU
	EndGlobalSection
	GlobalSection(SolutionProperties) = preSolution
		HideSolutionNode = FALSE
	EndGlobalSection
	GlobalSection(ExtensibilityGlobals) = postSolution
		SolutionGuid = {5DB64590-155B-48A5-AB7D-B7D30763CB58}
	EndGlobalSection
EndGlobal
